
Microsoft Visual Studio Solution File, Format Version 12.00
# Visual Studio Version 17
VisualStudioVersion = 17.6.33829.357
MinimumVisualStudioVersion = 10.0.40219.1
Project("{FAE04EC0-301F-11D3-BF4B-00C04F79EFBC}") = "XFrame.Aggregates.Commands.Extensions", "XFrame.Aggregates.Commands.Extensions\XFrame.Aggregates.Commands.Extensions.csproj", "{1E54EA8F-0E82-477E-890A-F7A580F15DC8}"
EndProject
Global
	GlobalSection(SolutionConfigurationPlatforms) = preSolution
		Debug|Any CPU = Debug|Any CPU
		Release|Any CPU = Release|Any CPU
	EndGlobalSection
	GlobalSection(ProjectConfigurationPlatforms) = postSolution
		{1E54EA8F-0E82-477E-890A-F7A580F15DC8}.Debug|Any CPU.ActiveCfg = Debug|Any CPU
		{1E54EA8F-0E82-477E-890A-F7A580F15DC8}.Debug|Any CPU.Build.0 = Debug|Any CPU
		{1E54EA8F-0E82-477E-890A-F7A580F15DC8}.Release|Any CPU.ActiveCfg = Release|Any CPU
		{1E54EA8F-0E82-477E-890A-F7A580F15DC8}.Release|Any CPU.Build.0 = Release|Any CPU
	EndGlobalSection
	GlobalSection(SolutionProperties) = preSolution
		HideSolutionNode = FALSE
	EndGlobalSection
	GlobalSection(ExtensibilityGlobals) = postSolution
		SolutionGuid = {F7BD551A-475D-4065-8438-FABADF8DDCB1}
	EndGlobalSection
EndGlobal
